{
  "version": 4,
  "terraform_version": "1.6.6",
  "serial": 55,
  "lineage": "eeadbeaa-bbc4-ac7d-7c5e-e68bb5154a41",
  "outputs": {
    "acr_login_server": {
      "value": "airbnbcloneacr.azurecr.io",
      "type": "string"
    },
    "aks_cluster_name": {
      "value": "airbnb-clone-aks",
      "type": "string"
    },
    "cosmosdb_connection_string": {
      "value": "mongodb://airbnb-clone-cosmos:fJAM2JgeQZqsdTS63XzMdiz4rCzwUyjPml0Er6hI7E6mqZBHsxYbHxLAm0xw5XEeXSGpETPXYkWRACDbrOe0Hg==@airbnb-clone-cosmos.mongo.cosmos.azure.com:10255/?ssl=true\u0026replicaSet=globaldb\u0026retrywrites=false\u0026maxIdleTimeMS=120000\u0026appName=@airbnb-clone-cosmos@",
      "type": "string",
      "sensitive": true
    },
    "cosmosdb_endpoint": {
      "value": "https://airbnb-clone-cosmos.documents.azure.com:443/",
      "type": "string"
    },
    "resource_group_name": {
      "value": "airbnb-clone-rg",
      "type": "string"
    }
  },
  "resources": [
    {
      "mode": "managed",
      "type": "azurerm_resource_group",
      "name": "main",
      "provider": "provider[\"registry.terraform.io/hashicorp/azurerm\"]",
      "instances": [
        {
          "schema_version": 0,
          "attributes": {
            "id": "/subscriptions/983a0886-08fb-4fdd-bd82-06673c61d6cd/resourceGroups/airbnb-clone-rg",
            "location": "norwayeast",
            "managed_by": "",
            "name": "airbnb-clone-rg",
            "tags": {
              "Environment": "production",
              "ManagedBy": "Terraform",
              "Project": "airbnb-clone"
            },
            "timeouts": null
          },
          "sensitive_attributes": [],
          "private": "eyJlMmJmYjczMC1lY2FhLTExZTYtOGY4OC0zNDM2M2JjN2M0YzAiOnsiY3JlYXRlIjo1NDAwMDAwMDAwMDAwLCJkZWxldGUiOjU0MDAwMDAwMDAwMDAsInJlYWQiOjMwMDAwMDAwMDAwMCwidXBkYXRlIjo1NDAwMDAwMDAwMDAwfX0="
        }
      ]
    },
    {
      "mode": "managed",
      "type": "azurerm_role_assignment",
      "name": "aks_acr",
      "provider": "provider[\"registry.terraform.io/hashicorp/azurerm\"]",
      "instances": [
        {
          "schema_version": 0,
          "attributes": {
            "condition": "",
            "condition_version": "",
            "delegated_managed_identity_resource_id": "",
            "description": "",
            "id": "/subscriptions/983a0886-08fb-4fdd-bd82-06673c61d6cd/resourceGroups/airbnb-clone-rg/providers/Microsoft.ContainerRegistry/registries/airbnbcloneacr/providers/Microsoft.Authorization/roleAssignments/d37c32d3-b3ff-1fc5-3121-e5019b479843",
            "name": "d37c32d3-b3ff-1fc5-3121-e5019b479843",
            "principal_id": "b8257d2f-f10b-468a-9524-4a77be5d3bc5",
            "principal_type": "ServicePrincipal",
            "role_definition_id": "/subscriptions/983a0886-08fb-4fdd-bd82-06673c61d6cd/providers/Microsoft.Authorization/roleDefinitions/7f951dda-4ed3-4680-a7ca-43fe172d538d",
            "role_definition_name": "AcrPull",
            "scope": "/subscriptions/983a0886-08fb-4fdd-bd82-06673c61d6cd/resourceGroups/airbnb-clone-rg/providers/Microsoft.ContainerRegistry/registries/airbnbcloneacr",
            "skip_service_principal_aad_check": true,
            "timeouts": null
          },
          "sensitive_attributes": [],
          "private": "eyJlMmJmYjczMC1lY2FhLTExZTYtOGY4OC0zNDM2M2JjN2M0YzAiOnsiY3JlYXRlIjoxODAwMDAwMDAwMDAwLCJkZWxldGUiOjE4MDAwMDAwMDAwMDAsInJlYWQiOjMwMDAwMDAwMDAwMH19",
          "dependencies": [
            "azurerm_resource_group.main",
            "module.acr.azurerm_container_registry.acr",
            "module.aks.azurerm_kubernetes_cluster.aks",
            "module.networking.azurerm_subnet.subnets",
            "module.networking.azurerm_virtual_network.vnet"
          ]
        }
      ]
    },
    {
      "module": "module.acr",
      "mode": "managed",
      "type": "azurerm_container_registry",
      "name": "acr",
      "provider": "provider[\"registry.terraform.io/hashicorp/azurerm\"]",
      "instances": [
        {
          "schema_version": 2,
          "attributes": {
            "admin_enabled": true,
            "admin_password": "xxwW+7WepwkFaOuXhCgbK8BBEbUQkDaXWWiNqbrw/f+ACRBj+/7p",
            "admin_username": "airbnbcloneacr",
            "anonymous_pull_enabled": false,
            "data_endpoint_enabled": false,
            "data_endpoint_host_names": [],
            "encryption": [],
            "export_policy_enabled": true,
            "georeplications": [],
            "id": "/subscriptions/983a0886-08fb-4fdd-bd82-06673c61d6cd/resourceGroups/airbnb-clone-rg/providers/Microsoft.ContainerRegistry/registries/airbnbcloneacr",
            "identity": [],
            "location": "norwayeast",
            "login_server": "airbnbcloneacr.azurecr.io",
            "name": "airbnbcloneacr",
            "network_rule_bypass_option": "AzureServices",
            "network_rule_set": [],
            "public_network_access_enabled": true,
            "quarantine_policy_enabled": false,
            "resource_group_name": "airbnb-clone-rg",
            "retention_policy_in_days": 0,
            "sku": "Standard",
            "tags": {
              "ManagedBy": "Terraform"
            },
            "timeouts": null,
            "trust_policy_enabled": false,
            "zone_redundancy_enabled": false
          },
          "sensitive_attributes": [],
          "private": "eyJlMmJmYjczMC1lY2FhLTExZTYtOGY4OC0zNDM2M2JjN2M0YzAiOnsiY3JlYXRlIjoxODAwMDAwMDAwMDAwLCJkZWxldGUiOjE4MDAwMDAwMDAwMDAsInJlYWQiOjMwMDAwMDAwMDAwMCwidXBkYXRlIjoxODAwMDAwMDAwMDAwfSwic2NoZW1hX3ZlcnNpb24iOiIyIn0=",
          "dependencies": [
            "azurerm_resource_group.main"
          ]
        }
      ]
    },
    {
      "module": "module.aks",
      "mode": "managed",
      "type": "azurerm_kubernetes_cluster",
      "name": "aks",
      "provider": "provider[\"registry.terraform.io/hashicorp/azurerm\"]",
      "instances": [
        {
          "schema_version": 2,
          "attributes": {
            "aci_connector_linux": [],
            "ai_toolchain_operator_enabled": false,
            "api_server_access_profile": [],
            "auto_scaler_profile": [],
            "automatic_upgrade_channel": "",
            "azure_active_directory_role_based_access_control": [],
            "azure_policy_enabled": false,
            "bootstrap_profile": [
              {
                "artifact_source": "Direct",
                "container_registry_id": ""
              }
            ],
            "confidential_computing": [],
            "cost_analysis_enabled": false,
            "current_kubernetes_version": "1.34.1",
            "custom_ca_trust_certificates_base64": [],
            "default_node_pool": [
              {
                "auto_scaling_enabled": false,
                "capacity_reservation_group_id": "",
                "fips_enabled": false,
                "gpu_driver": "",
                "gpu_instance": "",
                "host_encryption_enabled": false,
                "host_group_id": "",
                "kubelet_config": [],
                "kubelet_disk_type": "OS",
                "linux_os_config": [],
                "max_count": 0,
                "max_pods": 30,
                "min_count": 0,
                "name": "default",
                "node_count": 2,
                "node_labels": {},
                "node_network_profile": [],
                "node_public_ip_enabled": false,
                "node_public_ip_prefix_id": "",
                "only_critical_addons_enabled": false,
                "orchestrator_version": "1.34.1",
                "os_disk_size_gb": 128,
                "os_disk_type": "Managed",
                "os_sku": "Ubuntu",
                "pod_subnet_id": "",
                "proximity_placement_group_id": "",
                "scale_down_mode": "Delete",
                "snapshot_id": "",
                "tags": {},
                "temporary_name_for_rotation": "",
                "type": "VirtualMachineScaleSets",
                "ultra_ssd_enabled": false,
                "upgrade_settings": [
                  {
                    "drain_timeout_in_minutes": 0,
                    "max_surge": "10%",
                    "node_soak_duration_in_minutes": 0,
                    "undrainable_node_behavior": ""
                  }
                ],
                "vm_size": "Standard_B2s",
                "vnet_subnet_id": "/subscriptions/983a0886-08fb-4fdd-bd82-06673c61d6cd/resourceGroups/airbnb-clone-rg/providers/Microsoft.Network/virtualNetworks/airbnb-clone-vnet/subnets/aks-subnet",
                "workload_runtime": "",
                "zones": []
              }
            ],
            "disk_encryption_set_id": "",
            "dns_prefix": "airbnb-clone-aks",
            "dns_prefix_private_cluster": "",
            "edge_zone": "",
            "fqdn": "airbnb-clone-aks-eyd18q1u.hcp.norwayeast.azmk8s.io",
            "http_application_routing_enabled": false,
            "http_application_routing_zone_name": "",
            "http_proxy_config": [],
            "id": "/subscriptions/983a0886-08fb-4fdd-bd82-06673c61d6cd/resourceGroups/airbnb-clone-rg/providers/Microsoft.ContainerService/managedClusters/airbnb-clone-aks",
            "identity": [
              {
                "identity_ids": [],
                "principal_id": "5d9e6b8c-c873-4cd8-842a-4a308196ba4b",
                "tenant_id": "b366dbcd-4fc3-4451-82d2-e239564302c3",
                "type": "SystemAssigned"
              }
            ],
            "image_cleaner_enabled": null,
            "image_cleaner_interval_hours": null,
            "ingress_application_gateway": [],
            "key_management_service": [],
            "key_vault_secrets_provider": [],
            "kube_admin_config": [],
            "kube_admin_config_raw": "",
            "kube_config": [
              {
                "client_certificate": "LS0tLS1CRUdJTiBDRVJUSUZJQ0FURS0tLS0tCk1JSUZIVENDQXdXZ0F3SUJBZ0lRUHZua0s0ZXdoaTlrY1AralVuaVFnREFOQmdrcWhraUc5dzBCQVFzRkFEQU4KTVFzd0NRWURWUVFERXdKallUQWVGdzB5TmpBeE1UUXdPVEF6TkRGYUZ3MHlPREF4TVRRd09URXpOREZhTURBeApGekFWQmdOVkJBb1REbk41YzNSbGJUcHRZWE4wWlhKek1SVXdFd1lEVlFRREV3eHRZWE4wWlhKamJHbGxiblF3CmdnSWlNQTBHQ1NxR1NJYjNEUUVCQVFVQUE0SUNEd0F3Z2dJS0FvSUNBUUNqOGx0OFIxV1lncUtvcVIwcyt6Yy8KNGZ3Z1N1aVlQRGZHWFNDWXdEMEg3eVpjSE5hTG8weFptSUI5Ty9XSjdNUk5WRHBmYkEzbFBTbFh3cHBXZG13Nwp3ekN5dENrcm5sSnlDcEhrbUhOWll2dkt1d1kxL0hLSFNzclZGNFFIbTQraHZlYUNrUi9yN3Ewd0NZVEJDcUhxClh1bDJEUmxQcDBWREphYXY0TEFpZUswb210WWlvNGxDK3lpNlFUbVNEbEM0NjNwZVNzQVhFc1pOTmhnZjQ0ZmIKcXNnZzdNb2ZYMnJVTlV2OC9vUmV2cUs1WVhmdmNIMUY0SVU2RU1jdTJTdnVobjNwaW5uc2ovLzZWTi9TVEhJSwpZaFUzUGpOb0RUYkhYRDdVc1ZoTnRDenozUmNsb3JkOE0xbjJmbGZXeldWaEV3MW5RQktnaE5LMmNTVzlZNFdKCkRKNDV0SGdVN0hFaDJnMTVOVE9jRVpjTVpkN2RVRkV4Qk1keTBpdFZnOExYV2pUT1ZRRzROQ0pFalBqWmdZOXYKN0ppcXVET1hhVVBpQnN6b3RBZUpBRURJR2MzU2NkRW5kWUZaQUxMdzRlNnE2NXBXK0lNbUlxZEtXOU5iVEJERgpsOE0xTkNaWGcvZDlxcWZycklyNFZzOFlWVmR4bWtMMG1uRW1tQXlYMDByOWRacy9qYkhWRlNXY1RjRC92a1diCmRKT2hGZnJUaUR1cGJjaVV2WEo0SExqb09YbE42Y1RHU2pjK29ETDBiT2Vlb3FEMzROUkxLSE9VbzZROFNoNlMKUkVnRXZRSUFHNWY4R3pZdkw3WTEwSDNQc3JvK1ZVb1VEOTJvZUx1bWp6Zm5PWjVFZHh2Y0pUZXMvekNDOUx5OQp0d1BtL3RaNFhyTVlZRHl6WXE4alB3SURBUUFCbzFZd1ZEQU9CZ05WSFE4QkFmOEVCQU1DQmFBd0V3WURWUjBsCkJBd3dDZ1lJS3dZQkJRVUhBd0l3REFZRFZSMFRBUUgvQkFJd0FEQWZCZ05WSFNNRUdEQVdnQlFwczhBWTBGTjcKOG9uTG1QcEplSHpYbC93S0FqQU5CZ2txaGtpRzl3MEJBUXNGQUFPQ0FnRUFwVVBjZEM1WVZLbWVrTG5OUUhvMAp0cDNlNEZRQ3AyMXI4eGRaaHVkYmVLUFg0NUxkdStvQzFNYnRwNksxbXVMTXV5M1QzejlKUFB0a0ZBTUpRZTRDCmQxTG5UdEk5RlRJZjBvTmJHVnY2Um5WTlNhalhwMTZvRnRNVXExWnA2OHpVS3ZURTFBKzJOOFd3ekZzOW9HejIKQ2VCeWFRcjFKZlI5SEE0azRQYzV3RU9TazFKaUJ0SWVaZm1rNzF1cVZyRStpMmpTZ1pqdFd1RHgycG83YkRZaQprSnZ3QWUyOWp5RmRhVXBsRDFBR01CaWNvZjNMK29CT0t0K3N3eTdiT2ViTnhVYk1SUzVMY3BXM0daK3ZiOEN5CnBmc2NpenRkRlIyVzN3WkJUZGp1TFJqSXl3M016ck04R1orNmFNWWdWZy9nbmVUS2lnUEV5L2VOVjVYb1d4S2sKbmpSdjVHd3dMdEJrRTN6MjRuVXFmalJDSDVGRWJqK0cyc1d2blc3VTNiQU1ITHJZaFdaTWdKKzI2cnBXREU5OAorMmc3cWNxU2pPa3FjM3pzQzBpM1Vwc3FpRDlMdlliR3Y2bHplcGtMd04zUzZYNmpRZGtFcU1HM0FJZjlRWXB3ClZKeUVSZkVmUHBVOGErTVZVdlJ4UzFNMzdpR0xaUE8zeHcvVmQ4cnZHekUwcytFejBnckx4ZFRhV3drdDk5eFAKYXUrZ0l1ZWNDUWFLL3pBSFEwWFQxSTkvazZrSjIyeVlxK2tadHJmb0xRYkM5bWkxd2R0RTVJYzd1VEZvbnhpeQpnakZsV2hrQkFOeVhRYzY0MkZpcisvaWs5a0RKdEJERU51bm42MUtYSjRSYVVaRXhOZ2ZreHVOYXhSVlFXdk11CjBGMnRXUjcraDF6MTllbzE1QWU2TlNjPQotLS0tLUVORCBDRVJUSUZJQ0FURS0tLS0tCg==",
                "client_key": "LS0tLS1CRUdJTiBSU0EgUFJJVkFURSBLRVktLS0tLQpNSUlKS0FJQkFBS0NBZ0VBby9KYmZFZFZtSUtpcUtrZExQczNQK0g4SUVyb21EdzN4bDBnbU1BOUIrOG1YQnpXCmk2Tk1XWmlBZlR2MWllekVUVlE2WDJ3TjVUMHBWOEthVm5ac084TXdzclFwSzU1U2NncVI1Smh6V1dMN3lyc0cKTmZ4eWgwcksxUmVFQjV1UG9iM21ncEVmNis2dE1BbUV3UXFoNmw3cGRnMFpUNmRGUXlXbXIrQ3dJbml0S0pyVwpJcU9KUXZzb3VrRTVrZzVRdU90NlhrckFGeExHVFRZWUgrT0gyNnJJSU96S0gxOXExRFZML1A2RVhyNml1V0YzCjczQjlSZUNGT2hESEx0a3I3b1o5NllwNTdJLy8rbFRmMGt4eUNtSVZOejR6YUEwMngxdysxTEZZVGJRczg5MFgKSmFLM2ZETlo5bjVYMXMxbFlSTU5aMEFTb0lUU3RuRWx2V09GaVF5ZU9iUjRGT3h4SWRvTmVUVXpuQkdYREdYZQozVkJSTVFUSGN0SXJWWVBDMTFvMHpsVUJ1RFFpUkl6NDJZR1BiK3lZcXJnemwybEQ0Z2JNNkxRSGlRQkF5Qm5OCjBuSFJKM1dCV1FDeThPSHVxdXVhVnZpREppS25TbHZUVzB3UXhaZkROVFFtVjRQM2ZhcW42NnlLK0ZiUEdGVlgKY1pwQzlKcHhKcGdNbDlOSy9YV2JQNDJ4MVJVbG5FM0EvNzVGbTNTVG9SWDYwNGc3cVczSWxMMXllQnk0NkRsNQpUZW5FeGtvM1BxQXk5R3pubnFLZzkrRFVTeWh6bEtPa1BFb2Vra1JJQkwwQ0FCdVgvQnMyTHkrMk5kQjl6N0s2ClBsVktGQS9kcUhpN3BvODM1em1lUkhjYjNDVTNyUDh3Z3ZTOHZiY0Q1djdXZUY2ekdHQThzMkt2SXo4Q0F3RUEKQVFLQ0FnQUxwUmhJY0l5czQ0S0lObExqTWdqUG1jNmR3SlJhMDlRbVc5RUg2SWV0TzVoZTdKRjBvNm0xcDNaZwo3dFJXOHFGUzJNdTRvV1V2UmpQY2p1OEZleTNlNU5OZHJoeEtnOWxaVGxUa2hzdVNxc3cxcnlrV3hwS2Y5M2tHCnY3L2FCbnVpUW1uUUZsek5Ga3ZvNEpRMFhmdjRPTHVlYmZuQlJhRk96cXJUVFVOVmYzclZLb0pSUFlwdlhvV2IKRFN6NHFkbWorTjNkT3JRQUw0NDBSOFpZNVlGdDRlaUxKaWFKS2U3ZG1kZUc1ZEVqSmFsTFA1Z1VRc296SDJwMwpJRi8xZk9sNDdNYWV3djQ4QmxKcFJvUUxYUEN3dWh6RnFyNWVBcXBFYU5IeHE1TVpHZFlqa0MybnQ3SU91VnNICmZodmhIdiszY0hJQVJuWE1Qd0wwZ0g3c3Y5ZnBNZjhtYURvcmo4YlAzYnJkb3FvRXBjTUxZQnFxem5yUGU1RHoKZTY2L0hqWkNYWHNqRGc0WE84and4bmdzc1pQS3VNNDYyRWtsSVVlNmFwYUZSbEYrWTJ3WktXNXoxNzBkMDRCMwoxQy9vSXh5VDBhZWMwejBjbjQ0aEdUWDRPRHlPN202K0ZZMGRkS2cxTmVoRExHaFdkUVdCVGRUZW12ZTRRWVRqCnlSdEh1aHpsUlcyeHB0TUJIcVhqTXg3eWpZUFFVazdiK3hicUlPMWxLUy9MQmdsOXNQelIwbzVBSHFvU0lsalAKRENOQW1GclMzK0ZKNTdrNlUwaC9XN3Q3cVE1eWY4ZEZVZG8xU0FyYjhSUXJ1QTMvNUh5akdwR2tZZEV3L1F4YwpXcUdZT2Q0V3JPNUVqOHd1VzhnR2djSXNiOUZuREZhdnEwSys3R2xrMW42UyszdUpBUUtDQVFFQXdyRE9DaDlrCkJEZVdKOVpLUi8zdlFJYU9HQ2hKZHhKVlBjLzJHWGY5YklnalI4WFl3RWRrU2V2ZFFHT29qeHh5NUhKb0pHeFEKMHM5SEZSeUNKMmFPYmxVekk0VnJKV1dOMVpoUDZ6UTl4YUhzTEw2UFBWM1E3S2RLZ3RPM3R5MXRYWmxGVHZGWAo1bnpZekhYYTI3YnMrT2lxeE9IWWhTdEdPT1dUWDc3WmcxR1ZsWk44eXcrNVRwcUpjb3JZelN6eVUzLzdwdi9HCkUremxGZ0pqZDI4TkIrZjFkZnBpcDdDVCtlamNvN3lodlBYRlBxamlDS3dHbEVLRkxrZnByUENLK0V1bWlXM1IKMzVUU1hvYzZVTnlzK1NHUzY1RHFxK21IM3ljSjM1KzR5N0hQTWlzL0FUdjlRbVFydHovNTlLV29xOFEwcHFodApnUUR3ZXU0RVV1OE1nUUtDQVFFQTE1TVk0TFJTM29aeXBNL0Y5N3VSNGFKL0hzenBCdmVXYUlSaGR0di9BSERYClpKRmJRV2NvK0k1NVhxM0R5OThKVVZtVzJ3MVE1MEFhSVJrUUcwd3hkWkk5RFM2S2ZBeERhZi9YRHN6VVJYT1QKTzJYS1V1ODV5WFJHNzk5amNrOER6NW9uR0FMWHo4TStoRURhMUVQTkNjS3AzL2pZbkRKSlNhdG1kRnF0SWVqVQp6VGxjalVDYktZaC9UaVJvSTlZU041MVdQbnN0bEhOamR4K29QSGlTWUV1MDdkWnU2NEhCeFk3UWxWU3VWSGN5CjAvdnlYMFdUekV2QW8zUnhtZTNmekZzZVNudUpJSFBLL0JZSEQ3TlE4S0R5dm01bkdyNlpZRFdpanVJRyt4c24KaVZtSUg4UmRZREZkYjdmaFJHYi9LNW1xM2p2a0ZneEhQN0lrbFBsUHZ3S0NBUUFleHNSTFpWcnlMN2RVNU5NcApQa01yK0JsT1NGQVV1cGt2QkVqckRjVEorMXRZWlRZMmJ4S3pmTTJrK0J3VlEzSUdHdS9Ma2pQVW4xK2xQclIwCmRnbmQ5eW4yVzRqc2lIazdZckIvaGVxZDYxTGlYOTFVM2hmQTBWRStEU25sa3hETzB3UFp6dDBPV240TEZEWmMKdFRZUXd2YjcySmZadFZXTWVQNHJESWhsOGVlcmxYME12SmVXaldkYzdBWUpxU2xGZWQzV01HaW5qYk5KSDJlSgo0Y3cxaTcySndPTUhqeXBWUHpKaHo5ZmhmeGlISnp0VUU1MldvazFiVzVMYys4bDhKcmxVMEQ5MUVKbVF4OSs0CkdLcGZWNmRhQmJhVEpuK01EeWZJYWY5VWMrOUZCd0VXdU56NE9jMlBVbFc1RHRiekVEa2lmMDJRTHczVTRQdGUKQU53QkFvSUJBSGdxc3c5dTlWSzl0MkpQdjViY28vRVcxNjJmbzdZU2hYRTFlZTc3cXlYZndQRjZaVmdMM1RiUQpsSzlHUllKN2pZSWZZb3d3M0F4TUcwU2Y1KzZQaG5KM1Zqam0zS05SWXJMUHZsMnRxQlllMnMrZGFpN1kwMm1NCnU0NHpCQWhRSzF1cUhtaXdEUVR2WFFYejhRZXAwNzNCR1ZpVUtvckhMVHMzcENEdit0cVFJeTlTN2xoK3p2OVQKNjBMdjRHMDVnMllrK2xKUjc1SjB6OWt6ZUdCZEJadFFHRWNMNVVDNlQvMkVJcGxiWHVJT24vS3kydVJvc0g2TgpLNUR4OC9GT1BCWjZKR1I0Z0hQcW1CZjFYM0pORHExVHlueUVwa3l1T21qNi9PYVE4RHRCWThTWWQ5emRaUCtlCkJPdWxvSmkwb1VENG85ckZuOXI2ZFN6NGJKUHVkWmtDZ2dFQkFKUm5nQkdwcnAyM3JuVFBZSXB0N3Q1N1pjODUKTzUyQVpJbjNqL2lQZVZldTRRblcrZUhPaFVTYUVjZXJwTXZhY1dodVZLb0xBR3lMVHJaYjh6MjlKU2NSeGpSMApCWkRKbmVQdVNuS3hwNEIyaFBPM1duMHI5MnFkKzZITUdvV0JHYm5tZGkxa1N6eXVzaUlEeUpCNTVMUWRseEdmCjlnSUpUK0tsS3F1S3RhMTlWaGgxNmdOSkp2K3grM0pyS1RCaDVRVjZuTWVoMEhWQmZzQkszYzdrVEVZK0ZWREQKRUpUQmYxSVhuOGFUYTZ5ejVxNWRKK01USU45bW1wcFhaaUIyNmN2OHE5UTJLUE4zQytPcnllcE1pcG1Ba0tQNQpic29yT3V0dXJMeHM4YlFkQklLZFh2M1VjMjFDM3F1VmkyY3hremltdVJ6UkNWeXlYTUpxL25FZmtxUT0KLS0tLS1FTkQgUlNBIFBSSVZBVEUgS0VZLS0tLS0K",
                "cluster_ca_certificate": "LS0tLS1CRUdJTiBDRVJUSUZJQ0FURS0tLS0tCk1JSUU2RENDQXRDZ0F3SUJBZ0lRSi95YWhPNGVOMGZlVzgvc0JPdXBkREFOQmdrcWhraUc5dzBCQVFzRkFEQU4KTVFzd0NRWURWUVFERXdKallUQWdGdzB5TmpBeE1UUXdPVEF6TkRGYUdBOHlNRFUyTURFeE5EQTVNVE0wTVZvdwpEVEVMTUFrR0ExVUVBeE1DWTJFd2dnSWlNQTBHQ1NxR1NJYjNEUUVCQVFVQUE0SUNEd0F3Z2dJS0FvSUNBUURkCnZ5a21pTlNBeFg5bk1IMVo3bE1ITmF1am5tc2ZQTG5sWGpPTWZNMFFMWlJYYWFiL01zWVhYZG5wSmRkNC85UFoKeHRCWktNV3N3NGJNbTE5L25URGV5S3FqUFZwdUhkTTJmd05wcXpsSnM0VnExd21reUdyZTFWdmtld213NnBycQovN2xIb1E2d3ptcjlDOTd0U1ozS0Y2aTBzdG1BQ1hVVU00b3Zrd2owZi9TQVp5TUc1bGYzSGliazR2aS85aUZmCkx1OHl1L21HQm8rNTRvQlE5SUU2K1JzV2lQQWxDVU04L0lqSjR3Mnh3bnhtMThIUlhMdXYva0dtSy95N1JWQ3cKYzNxM1lwdWF4TUY0SE1RdU4zQ0VBeEcwRS83NkhDRWhwdlFwNE5FVENEQVpEQko5TzNSeVZIaCtLbWxCUzhTZApJSG4rdU9maWx4bXRwN3YwVVF5WmdnMTVKMndHOXY5OE9scGY3M0N4N2N3cUdwd21JcU9FNEs5T2l1d2Q1MXM4Cm81QldWd25jcko5Um0rYUpRMFRlbVp4Y1RMVVhxbUFPcndjSWkvZkNFY0xVQmlLN0dndDFrNE1KcEN0cVdJdGwKdlowL0NKcjVFU21hVXRYTEZjc1hjRUs1UTBuaXhQOVJnNFFCR2VMQWxGVXFMeDkrZ0lqVHFiUDVlaVEyVFZiZAozb0VnWmI0dkhDelA2TitDVmtXSjloZ2xTSUhsMlZsN0JLQXRBQkJaYURCc1c2VlBKdm40dTRqNDBLSlg1YTJ1CjlOT2FtT0dQd3BweERETjFJQ1lxK0ZVYUk1S0pjTVEyenMxV1hoV3FObS9tQjVCVnFaZGZYMjVPQlBVcEJnS3MKRk8vVVpSQjlsQWx4cUNCL1BiejFDN3RXalFYRU51eG5xT0FxT1BrakZRSURBUUFCbzBJd1FEQU9CZ05WSFE4QgpBZjhFQkFNQ0FxUXdEd1lEVlIwVEFRSC9CQVV3QXdFQi96QWRCZ05WSFE0RUZnUVVLYlBBR05CVGUvS0p5NWo2ClNYaDgxNWY4Q2dJd0RRWUpLb1pJaHZjTkFRRUxCUUFEZ2dJQkFObWpzUTJJd0NtRUhXaUFJc0ROZTlVL2NJUEkKSUVMRUd2bHZqVCtJWnZoVHdabjdhZ0ZGOWdFak9zN3pVMUdvNldMV0ovaUJ0ZmxGVXdwSnRhZDlxSTV4ZWVxcAphT21ZMnlLUzdsaDkyNmlUSFdGTmI3VkNISmxTZGJWM2xXbWY2enhPRWxaSTZyUWN3QnhSTWw2eG5vdGREd0FkCnpLOXNhVlZYaDBmUGs4YTlyazQ1K1M0b3BjTTFYaWtEQVJUN2lGYU5PVW5TYy9pWU9oa1pMcVJHc1BjZnpyWFAKeWJGdXZkdjVsSHIwZGtiakVuOC84T3hVMDM1OWJxcUkwZitncGc4ZWJoQkVPOE9wc2ZTYW5YYlROVncvSy84SAplWGgzYmxjRFdwSWE4a1MxT1pZaXNpT0ZheU4vMTYvWXZXeEZiVEMrT2dzUDVSaUFhSDJNTG5rNXgxaGpZRG4rClpMaHhkOUJERnc4T09KSHByQzE5a2pZblhXa3BsUkgzRUJEbnRoV1M4Vng3TktRUi9oNTBsbnQxdm02SVk3VksKL3N2OXJYZWNmYVdvcmUwQU5sM1IyTGwwS3RoSFd1TCsvbm1BUXlrNmdEZ251VTBXWlQyb0w0VUFHbjFqeEh0VgpYSEUveERjTjc4VkcrblBJakYyWTM3dGdGRURrVHM5ZnJ4aHdhd0V2VEFxbkx0S0dCU1p4WEc3dHJZSHVjRTZkCmh5SUlpSSt4OHRNV2MxZEZmLzhJd1N0MzNRaVFObDdmdlI1Q0J2bUpxV0p0Wjd4YVM0SVVqNmZaTXJLV0VmNjUKem1rZjZ5ZStYUWFTai84SnVXZjNJMGx2MUZVNFBWS0ltM3VhVFNCMUcySURYMGJTSk8weWZnYzZ4SS8vRFJLNwo4TXJmR09FRlpXclloazlRCi0tLS0tRU5EIENFUlRJRklDQVRFLS0tLS0K",
                "host": "https://airbnb-clone-aks-eyd18q1u.hcp.norwayeast.azmk8s.io:443",
                "password": "lj0tgr5oiot329gezi03zoxwfsszsmwiqezt3v2vq622kafzhy590rccq19rxn02ohr8htzhz7vipufkdvkg7r1cl044sqb5vzbr6k9d3tim4sgglhabqy5g2v6ni3jf",
                "username": "clusterUser_airbnb-clone-rg_airbnb-clone-aks"
              }
            ],
            "kube_config_raw": "apiVersion: v1\nclusters:\n- cluster:\n    certificate-authority-data: LS0tLS1CRUdJTiBDRVJUSUZJQ0FURS0tLS0tCk1JSUU2RENDQXRDZ0F3SUJBZ0lRSi95YWhPNGVOMGZlVzgvc0JPdXBkREFOQmdrcWhraUc5dzBCQVFzRkFEQU4KTVFzd0NRWURWUVFERXdKallUQWdGdzB5TmpBeE1UUXdPVEF6TkRGYUdBOHlNRFUyTURFeE5EQTVNVE0wTVZvdwpEVEVMTUFrR0ExVUVBeE1DWTJFd2dnSWlNQTBHQ1NxR1NJYjNEUUVCQVFVQUE0SUNEd0F3Z2dJS0FvSUNBUURkCnZ5a21pTlNBeFg5bk1IMVo3bE1ITmF1am5tc2ZQTG5sWGpPTWZNMFFMWlJYYWFiL01zWVhYZG5wSmRkNC85UFoKeHRCWktNV3N3NGJNbTE5L25URGV5S3FqUFZwdUhkTTJmd05wcXpsSnM0VnExd21reUdyZTFWdmtld213NnBycQovN2xIb1E2d3ptcjlDOTd0U1ozS0Y2aTBzdG1BQ1hVVU00b3Zrd2owZi9TQVp5TUc1bGYzSGliazR2aS85aUZmCkx1OHl1L21HQm8rNTRvQlE5SUU2K1JzV2lQQWxDVU04L0lqSjR3Mnh3bnhtMThIUlhMdXYva0dtSy95N1JWQ3cKYzNxM1lwdWF4TUY0SE1RdU4zQ0VBeEcwRS83NkhDRWhwdlFwNE5FVENEQVpEQko5TzNSeVZIaCtLbWxCUzhTZApJSG4rdU9maWx4bXRwN3YwVVF5WmdnMTVKMndHOXY5OE9scGY3M0N4N2N3cUdwd21JcU9FNEs5T2l1d2Q1MXM4Cm81QldWd25jcko5Um0rYUpRMFRlbVp4Y1RMVVhxbUFPcndjSWkvZkNFY0xVQmlLN0dndDFrNE1KcEN0cVdJdGwKdlowL0NKcjVFU21hVXRYTEZjc1hjRUs1UTBuaXhQOVJnNFFCR2VMQWxGVXFMeDkrZ0lqVHFiUDVlaVEyVFZiZAozb0VnWmI0dkhDelA2TitDVmtXSjloZ2xTSUhsMlZsN0JLQXRBQkJaYURCc1c2VlBKdm40dTRqNDBLSlg1YTJ1CjlOT2FtT0dQd3BweERETjFJQ1lxK0ZVYUk1S0pjTVEyenMxV1hoV3FObS9tQjVCVnFaZGZYMjVPQlBVcEJnS3MKRk8vVVpSQjlsQWx4cUNCL1BiejFDN3RXalFYRU51eG5xT0FxT1BrakZRSURBUUFCbzBJd1FEQU9CZ05WSFE4QgpBZjhFQkFNQ0FxUXdEd1lEVlIwVEFRSC9CQVV3QXdFQi96QWRCZ05WSFE0RUZnUVVLYlBBR05CVGUvS0p5NWo2ClNYaDgxNWY4Q2dJd0RRWUpLb1pJaHZjTkFRRUxCUUFEZ2dJQkFObWpzUTJJd0NtRUhXaUFJc0ROZTlVL2NJUEkKSUVMRUd2bHZqVCtJWnZoVHdabjdhZ0ZGOWdFak9zN3pVMUdvNldMV0ovaUJ0ZmxGVXdwSnRhZDlxSTV4ZWVxcAphT21ZMnlLUzdsaDkyNmlUSFdGTmI3VkNISmxTZGJWM2xXbWY2enhPRWxaSTZyUWN3QnhSTWw2eG5vdGREd0FkCnpLOXNhVlZYaDBmUGs4YTlyazQ1K1M0b3BjTTFYaWtEQVJUN2lGYU5PVW5TYy9pWU9oa1pMcVJHc1BjZnpyWFAKeWJGdXZkdjVsSHIwZGtiakVuOC84T3hVMDM1OWJxcUkwZitncGc4ZWJoQkVPOE9wc2ZTYW5YYlROVncvSy84SAplWGgzYmxjRFdwSWE4a1MxT1pZaXNpT0ZheU4vMTYvWXZXeEZiVEMrT2dzUDVSaUFhSDJNTG5rNXgxaGpZRG4rClpMaHhkOUJERnc4T09KSHByQzE5a2pZblhXa3BsUkgzRUJEbnRoV1M4Vng3TktRUi9oNTBsbnQxdm02SVk3VksKL3N2OXJYZWNmYVdvcmUwQU5sM1IyTGwwS3RoSFd1TCsvbm1BUXlrNmdEZ251VTBXWlQyb0w0VUFHbjFqeEh0VgpYSEUveERjTjc4VkcrblBJakYyWTM3dGdGRURrVHM5ZnJ4aHdhd0V2VEFxbkx0S0dCU1p4WEc3dHJZSHVjRTZkCmh5SUlpSSt4OHRNV2MxZEZmLzhJd1N0MzNRaVFObDdmdlI1Q0J2bUpxV0p0Wjd4YVM0SVVqNmZaTXJLV0VmNjUKem1rZjZ5ZStYUWFTai84SnVXZjNJMGx2MUZVNFBWS0ltM3VhVFNCMUcySURYMGJTSk8weWZnYzZ4SS8vRFJLNwo4TXJmR09FRlpXclloazlRCi0tLS0tRU5EIENFUlRJRklDQVRFLS0tLS0K\n    server: https://airbnb-clone-aks-eyd18q1u.hcp.norwayeast.azmk8s.io:443\n  name: airbnb-clone-aks\ncontexts:\n- context:\n    cluster: airbnb-clone-aks\n    user: clusterUser_airbnb-clone-rg_airbnb-clone-aks\n  name: airbnb-clone-aks\ncurrent-context: airbnb-clone-aks\nkind: Config\npreferences: {}\nusers:\n- name: clusterUser_airbnb-clone-rg_airbnb-clone-aks\n  user:\n    client-certificate-data: LS0tLS1CRUdJTiBDRVJUSUZJQ0FURS0tLS0tCk1JSUZIVENDQXdXZ0F3SUJBZ0lRUHZua0s0ZXdoaTlrY1AralVuaVFnREFOQmdrcWhraUc5dzBCQVFzRkFEQU4KTVFzd0NRWURWUVFERXdKallUQWVGdzB5TmpBeE1UUXdPVEF6TkRGYUZ3MHlPREF4TVRRd09URXpOREZhTURBeApGekFWQmdOVkJBb1REbk41YzNSbGJUcHRZWE4wWlhKek1SVXdFd1lEVlFRREV3eHRZWE4wWlhKamJHbGxiblF3CmdnSWlNQTBHQ1NxR1NJYjNEUUVCQVFVQUE0SUNEd0F3Z2dJS0FvSUNBUUNqOGx0OFIxV1lncUtvcVIwcyt6Yy8KNGZ3Z1N1aVlQRGZHWFNDWXdEMEg3eVpjSE5hTG8weFptSUI5Ty9XSjdNUk5WRHBmYkEzbFBTbFh3cHBXZG13Nwp3ekN5dENrcm5sSnlDcEhrbUhOWll2dkt1d1kxL0hLSFNzclZGNFFIbTQraHZlYUNrUi9yN3Ewd0NZVEJDcUhxClh1bDJEUmxQcDBWREphYXY0TEFpZUswb210WWlvNGxDK3lpNlFUbVNEbEM0NjNwZVNzQVhFc1pOTmhnZjQ0ZmIKcXNnZzdNb2ZYMnJVTlV2OC9vUmV2cUs1WVhmdmNIMUY0SVU2RU1jdTJTdnVobjNwaW5uc2ovLzZWTi9TVEhJSwpZaFUzUGpOb0RUYkhYRDdVc1ZoTnRDenozUmNsb3JkOE0xbjJmbGZXeldWaEV3MW5RQktnaE5LMmNTVzlZNFdKCkRKNDV0SGdVN0hFaDJnMTVOVE9jRVpjTVpkN2RVRkV4Qk1keTBpdFZnOExYV2pUT1ZRRzROQ0pFalBqWmdZOXYKN0ppcXVET1hhVVBpQnN6b3RBZUpBRURJR2MzU2NkRW5kWUZaQUxMdzRlNnE2NXBXK0lNbUlxZEtXOU5iVEJERgpsOE0xTkNaWGcvZDlxcWZycklyNFZzOFlWVmR4bWtMMG1uRW1tQXlYMDByOWRacy9qYkhWRlNXY1RjRC92a1diCmRKT2hGZnJUaUR1cGJjaVV2WEo0SExqb09YbE42Y1RHU2pjK29ETDBiT2Vlb3FEMzROUkxLSE9VbzZROFNoNlMKUkVnRXZRSUFHNWY4R3pZdkw3WTEwSDNQc3JvK1ZVb1VEOTJvZUx1bWp6Zm5PWjVFZHh2Y0pUZXMvekNDOUx5OQp0d1BtL3RaNFhyTVlZRHl6WXE4alB3SURBUUFCbzFZd1ZEQU9CZ05WSFE4QkFmOEVCQU1DQmFBd0V3WURWUjBsCkJBd3dDZ1lJS3dZQkJRVUhBd0l3REFZRFZSMFRBUUgvQkFJd0FEQWZCZ05WSFNNRUdEQVdnQlFwczhBWTBGTjcKOG9uTG1QcEplSHpYbC93S0FqQU5CZ2txaGtpRzl3MEJBUXNGQUFPQ0FnRUFwVVBjZEM1WVZLbWVrTG5OUUhvMAp0cDNlNEZRQ3AyMXI4eGRaaHVkYmVLUFg0NUxkdStvQzFNYnRwNksxbXVMTXV5M1QzejlKUFB0a0ZBTUpRZTRDCmQxTG5UdEk5RlRJZjBvTmJHVnY2Um5WTlNhalhwMTZvRnRNVXExWnA2OHpVS3ZURTFBKzJOOFd3ekZzOW9HejIKQ2VCeWFRcjFKZlI5SEE0azRQYzV3RU9TazFKaUJ0SWVaZm1rNzF1cVZyRStpMmpTZ1pqdFd1RHgycG83YkRZaQprSnZ3QWUyOWp5RmRhVXBsRDFBR01CaWNvZjNMK29CT0t0K3N3eTdiT2ViTnhVYk1SUzVMY3BXM0daK3ZiOEN5CnBmc2NpenRkRlIyVzN3WkJUZGp1TFJqSXl3M016ck04R1orNmFNWWdWZy9nbmVUS2lnUEV5L2VOVjVYb1d4S2sKbmpSdjVHd3dMdEJrRTN6MjRuVXFmalJDSDVGRWJqK0cyc1d2blc3VTNiQU1ITHJZaFdaTWdKKzI2cnBXREU5OAorMmc3cWNxU2pPa3FjM3pzQzBpM1Vwc3FpRDlMdlliR3Y2bHplcGtMd04zUzZYNmpRZGtFcU1HM0FJZjlRWXB3ClZKeUVSZkVmUHBVOGErTVZVdlJ4UzFNMzdpR0xaUE8zeHcvVmQ4cnZHekUwcytFejBnckx4ZFRhV3drdDk5eFAKYXUrZ0l1ZWNDUWFLL3pBSFEwWFQxSTkvazZrSjIyeVlxK2tadHJmb0xRYkM5bWkxd2R0RTVJYzd1VEZvbnhpeQpnakZsV2hrQkFOeVhRYzY0MkZpcisvaWs5a0RKdEJERU51bm42MUtYSjRSYVVaRXhOZ2ZreHVOYXhSVlFXdk11CjBGMnRXUjcraDF6MTllbzE1QWU2TlNjPQotLS0tLUVORCBDRVJUSUZJQ0FURS0tLS0tCg==\n    client-key-data: LS0tLS1CRUdJTiBSU0EgUFJJVkFURSBLRVktLS0tLQpNSUlKS0FJQkFBS0NBZ0VBby9KYmZFZFZtSUtpcUtrZExQczNQK0g4SUVyb21EdzN4bDBnbU1BOUIrOG1YQnpXCmk2Tk1XWmlBZlR2MWllekVUVlE2WDJ3TjVUMHBWOEthVm5ac084TXdzclFwSzU1U2NncVI1Smh6V1dMN3lyc0cKTmZ4eWgwcksxUmVFQjV1UG9iM21ncEVmNis2dE1BbUV3UXFoNmw3cGRnMFpUNmRGUXlXbXIrQ3dJbml0S0pyVwpJcU9KUXZzb3VrRTVrZzVRdU90NlhrckFGeExHVFRZWUgrT0gyNnJJSU96S0gxOXExRFZML1A2RVhyNml1V0YzCjczQjlSZUNGT2hESEx0a3I3b1o5NllwNTdJLy8rbFRmMGt4eUNtSVZOejR6YUEwMngxdysxTEZZVGJRczg5MFgKSmFLM2ZETlo5bjVYMXMxbFlSTU5aMEFTb0lUU3RuRWx2V09GaVF5ZU9iUjRGT3h4SWRvTmVUVXpuQkdYREdYZQozVkJSTVFUSGN0SXJWWVBDMTFvMHpsVUJ1RFFpUkl6NDJZR1BiK3lZcXJnemwybEQ0Z2JNNkxRSGlRQkF5Qm5OCjBuSFJKM1dCV1FDeThPSHVxdXVhVnZpREppS25TbHZUVzB3UXhaZkROVFFtVjRQM2ZhcW42NnlLK0ZiUEdGVlgKY1pwQzlKcHhKcGdNbDlOSy9YV2JQNDJ4MVJVbG5FM0EvNzVGbTNTVG9SWDYwNGc3cVczSWxMMXllQnk0NkRsNQpUZW5FeGtvM1BxQXk5R3pubnFLZzkrRFVTeWh6bEtPa1BFb2Vra1JJQkwwQ0FCdVgvQnMyTHkrMk5kQjl6N0s2ClBsVktGQS9kcUhpN3BvODM1em1lUkhjYjNDVTNyUDh3Z3ZTOHZiY0Q1djdXZUY2ekdHQThzMkt2SXo4Q0F3RUEKQVFLQ0FnQUxwUmhJY0l5czQ0S0lObExqTWdqUG1jNmR3SlJhMDlRbVc5RUg2SWV0TzVoZTdKRjBvNm0xcDNaZwo3dFJXOHFGUzJNdTRvV1V2UmpQY2p1OEZleTNlNU5OZHJoeEtnOWxaVGxUa2hzdVNxc3cxcnlrV3hwS2Y5M2tHCnY3L2FCbnVpUW1uUUZsek5Ga3ZvNEpRMFhmdjRPTHVlYmZuQlJhRk96cXJUVFVOVmYzclZLb0pSUFlwdlhvV2IKRFN6NHFkbWorTjNkT3JRQUw0NDBSOFpZNVlGdDRlaUxKaWFKS2U3ZG1kZUc1ZEVqSmFsTFA1Z1VRc296SDJwMwpJRi8xZk9sNDdNYWV3djQ4QmxKcFJvUUxYUEN3dWh6RnFyNWVBcXBFYU5IeHE1TVpHZFlqa0MybnQ3SU91VnNICmZodmhIdiszY0hJQVJuWE1Qd0wwZ0g3c3Y5ZnBNZjhtYURvcmo4YlAzYnJkb3FvRXBjTUxZQnFxem5yUGU1RHoKZTY2L0hqWkNYWHNqRGc0WE84and4bmdzc1pQS3VNNDYyRWtsSVVlNmFwYUZSbEYrWTJ3WktXNXoxNzBkMDRCMwoxQy9vSXh5VDBhZWMwejBjbjQ0aEdUWDRPRHlPN202K0ZZMGRkS2cxTmVoRExHaFdkUVdCVGRUZW12ZTRRWVRqCnlSdEh1aHpsUlcyeHB0TUJIcVhqTXg3eWpZUFFVazdiK3hicUlPMWxLUy9MQmdsOXNQelIwbzVBSHFvU0lsalAKRENOQW1GclMzK0ZKNTdrNlUwaC9XN3Q3cVE1eWY4ZEZVZG8xU0FyYjhSUXJ1QTMvNUh5akdwR2tZZEV3L1F4YwpXcUdZT2Q0V3JPNUVqOHd1VzhnR2djSXNiOUZuREZhdnEwSys3R2xrMW42UyszdUpBUUtDQVFFQXdyRE9DaDlrCkJEZVdKOVpLUi8zdlFJYU9HQ2hKZHhKVlBjLzJHWGY5YklnalI4WFl3RWRrU2V2ZFFHT29qeHh5NUhKb0pHeFEKMHM5SEZSeUNKMmFPYmxVekk0VnJKV1dOMVpoUDZ6UTl4YUhzTEw2UFBWM1E3S2RLZ3RPM3R5MXRYWmxGVHZGWAo1bnpZekhYYTI3YnMrT2lxeE9IWWhTdEdPT1dUWDc3WmcxR1ZsWk44eXcrNVRwcUpjb3JZelN6eVUzLzdwdi9HCkUremxGZ0pqZDI4TkIrZjFkZnBpcDdDVCtlamNvN3lodlBYRlBxamlDS3dHbEVLRkxrZnByUENLK0V1bWlXM1IKMzVUU1hvYzZVTnlzK1NHUzY1RHFxK21IM3ljSjM1KzR5N0hQTWlzL0FUdjlRbVFydHovNTlLV29xOFEwcHFodApnUUR3ZXU0RVV1OE1nUUtDQVFFQTE1TVk0TFJTM29aeXBNL0Y5N3VSNGFKL0hzenBCdmVXYUlSaGR0di9BSERYClpKRmJRV2NvK0k1NVhxM0R5OThKVVZtVzJ3MVE1MEFhSVJrUUcwd3hkWkk5RFM2S2ZBeERhZi9YRHN6VVJYT1QKTzJYS1V1ODV5WFJHNzk5amNrOER6NW9uR0FMWHo4TStoRURhMUVQTkNjS3AzL2pZbkRKSlNhdG1kRnF0SWVqVQp6VGxjalVDYktZaC9UaVJvSTlZU041MVdQbnN0bEhOamR4K29QSGlTWUV1MDdkWnU2NEhCeFk3UWxWU3VWSGN5CjAvdnlYMFdUekV2QW8zUnhtZTNmekZzZVNudUpJSFBLL0JZSEQ3TlE4S0R5dm01bkdyNlpZRFdpanVJRyt4c24KaVZtSUg4UmRZREZkYjdmaFJHYi9LNW1xM2p2a0ZneEhQN0lrbFBsUHZ3S0NBUUFleHNSTFpWcnlMN2RVNU5NcApQa01yK0JsT1NGQVV1cGt2QkVqckRjVEorMXRZWlRZMmJ4S3pmTTJrK0J3VlEzSUdHdS9Ma2pQVW4xK2xQclIwCmRnbmQ5eW4yVzRqc2lIazdZckIvaGVxZDYxTGlYOTFVM2hmQTBWRStEU25sa3hETzB3UFp6dDBPV240TEZEWmMKdFRZUXd2YjcySmZadFZXTWVQNHJESWhsOGVlcmxYME12SmVXaldkYzdBWUpxU2xGZWQzV01HaW5qYk5KSDJlSgo0Y3cxaTcySndPTUhqeXBWUHpKaHo5ZmhmeGlISnp0VUU1MldvazFiVzVMYys4bDhKcmxVMEQ5MUVKbVF4OSs0CkdLcGZWNmRhQmJhVEpuK01EeWZJYWY5VWMrOUZCd0VXdU56NE9jMlBVbFc1RHRiekVEa2lmMDJRTHczVTRQdGUKQU53QkFvSUJBSGdxc3c5dTlWSzl0MkpQdjViY28vRVcxNjJmbzdZU2hYRTFlZTc3cXlYZndQRjZaVmdMM1RiUQpsSzlHUllKN2pZSWZZb3d3M0F4TUcwU2Y1KzZQaG5KM1Zqam0zS05SWXJMUHZsMnRxQlllMnMrZGFpN1kwMm1NCnU0NHpCQWhRSzF1cUhtaXdEUVR2WFFYejhRZXAwNzNCR1ZpVUtvckhMVHMzcENEdit0cVFJeTlTN2xoK3p2OVQKNjBMdjRHMDVnMllrK2xKUjc1SjB6OWt6ZUdCZEJadFFHRWNMNVVDNlQvMkVJcGxiWHVJT24vS3kydVJvc0g2TgpLNUR4OC9GT1BCWjZKR1I0Z0hQcW1CZjFYM0pORHExVHlueUVwa3l1T21qNi9PYVE4RHRCWThTWWQ5emRaUCtlCkJPdWxvSmkwb1VENG85ckZuOXI2ZFN6NGJKUHVkWmtDZ2dFQkFKUm5nQkdwcnAyM3JuVFBZSXB0N3Q1N1pjODUKTzUyQVpJbjNqL2lQZVZldTRRblcrZUhPaFVTYUVjZXJwTXZhY1dodVZLb0xBR3lMVHJaYjh6MjlKU2NSeGpSMApCWkRKbmVQdVNuS3hwNEIyaFBPM1duMHI5MnFkKzZITUdvV0JHYm5tZGkxa1N6eXVzaUlEeUpCNTVMUWRseEdmCjlnSUpUK0tsS3F1S3RhMTlWaGgxNmdOSkp2K3grM0pyS1RCaDVRVjZuTWVoMEhWQmZzQkszYzdrVEVZK0ZWREQKRUpUQmYxSVhuOGFUYTZ5ejVxNWRKK01USU45bW1wcFhaaUIyNmN2OHE5UTJLUE4zQytPcnllcE1pcG1Ba0tQNQpic29yT3V0dXJMeHM4YlFkQklLZFh2M1VjMjFDM3F1VmkyY3hremltdVJ6UkNWeXlYTUpxL25FZmtxUT0KLS0tLS1FTkQgUlNBIFBSSVZBVEUgS0VZLS0tLS0K\n    token: lj0tgr5oiot329gezi03zoxwfsszsmwiqezt3v2vq622kafzhy590rccq19rxn02ohr8htzhz7vipufkdvkg7r1cl044sqb5vzbr6k9d3tim4sgglhabqy5g2v6ni3jf\n",
            "kubelet_identity": [
              {
                "client_id": "f6e1f0be-1e20-4286-844a-f9d56c85fea3",
                "object_id": "b8257d2f-f10b-468a-9524-4a77be5d3bc5",
                "user_assigned_identity_id": "/subscriptions/983a0886-08fb-4fdd-bd82-06673c61d6cd/resourceGroups/MC_airbnb-clone-rg_airbnb-clone-aks_norwayeast/providers/Microsoft.ManagedIdentity/userAssignedIdentities/airbnb-clone-aks-agentpool"
              }
            ],
            "kubernetes_version": "1.34.1",
            "linux_profile": [],
            "local_account_disabled": false,
            "location": "norwayeast",
            "maintenance_window": [],
            "maintenance_window_auto_upgrade": [],
            "maintenance_window_node_os": [],
            "microsoft_defender": [],
            "monitor_metrics": [],
            "name": "airbnb-clone-aks",
            "network_profile": [
              {
                "advanced_networking": [],
                "dns_service_ip": "10.2.0.10",
                "ip_versions": [
                  "IPv4"
                ],
                "load_balancer_profile": [
                  {
                    "backend_pool_type": "NodeIPConfiguration",
                    "effective_outbound_ips": [
                      "/subscriptions/983a0886-08fb-4fdd-bd82-06673c61d6cd/resourceGroups/MC_airbnb-clone-rg_airbnb-clone-aks_norwayeast/providers/Microsoft.Network/publicIPAddresses/08c3074e-3a21-4e95-b9a1-aa2e430bc762"
                    ],
                    "idle_timeout_in_minutes": 0,
                    "managed_outbound_ip_count": 1,
                    "managed_outbound_ipv6_count": 0,
                    "outbound_ip_address_ids": [],
                    "outbound_ip_prefix_ids": [],
                    "outbound_ports_allocated": 0
                  }
                ],
                "load_balancer_sku": "standard",
                "nat_gateway_profile": [],
                "network_data_plane": "azure",
                "network_mode": "",
                "network_plugin": "azure",
                "network_plugin_mode": "",
                "network_policy": "azure",
                "outbound_type": "loadBalancer",
                "pod_cidr": "",
                "pod_cidrs": [],
                "service_cidr": "10.2.0.0/24",
                "service_cidrs": [
                  "10.2.0.0/24"
                ]
              }
            ],
            "node_os_upgrade_channel": "NodeImage",
            "node_provisioning_profile": [
              {
                "default_node_pools": "Auto",
                "mode": "Manual"
              }
            ],
            "node_resource_group": "MC_airbnb-clone-rg_airbnb-clone-aks_norwayeast",
            "node_resource_group_id": "/subscriptions/983a0886-08fb-4fdd-bd82-06673c61d6cd/resourceGroups/MC_airbnb-clone-rg_airbnb-clone-aks_norwayeast",
            "oidc_issuer_enabled": true,
            "oidc_issuer_url": "https://norwayeast.oic.prod-aks.azure.com/b366dbcd-4fc3-4451-82d2-e239564302c3/11299f67-7724-41cf-9551-391cdc602be6/",
            "oms_agent": [],
            "open_service_mesh_enabled": false,
            "portal_fqdn": "airbnb-clone-aks-eyd18q1u.portal.hcp.norwayeast.azmk8s.io",
            "private_cluster_enabled": false,
            "private_cluster_public_fqdn_enabled": false,
            "private_dns_zone_id": "",
            "private_fqdn": "",
            "resource_group_name": "airbnb-clone-rg",
            "role_based_access_control_enabled": true,
            "run_command_enabled": true,
            "service_mesh_profile": [],
            "service_principal": [],
            "sku_tier": "Free",
            "storage_profile": [],
            "support_plan": "KubernetesOfficial",
            "tags": {
              "ManagedBy": "Terraform"
            },
            "timeouts": null,
            "upgrade_override": [],
            "web_app_routing": [],
            "windows_profile": [
              {
                "admin_password": "",
                "admin_username": "azureuser",
                "gmsa": [],
                "license": ""
              }
            ],
            "workload_autoscaler_profile": [],
            "workload_identity_enabled": true
          },
          "sensitive_attributes": [],
          "private": "eyJlMmJmYjczMC1lY2FhLTExZTYtOGY4OC0zNDM2M2JjN2M0YzAiOnsiY3JlYXRlIjo1NDAwMDAwMDAwMDAwLCJkZWxldGUiOjU0MDAwMDAwMDAwMDAsInJlYWQiOjMwMDAwMDAwMDAwMCwidXBkYXRlIjo1NDAwMDAwMDAwMDAwfSwic2NoZW1hX3ZlcnNpb24iOiIyIn0=",
          "dependencies": [
            "azurerm_resource_group.main",
            "module.networking.azurerm_subnet.subnets",
            "module.networking.azurerm_virtual_network.vnet"
          ]
        }
      ]
    },
    {
      "module": "module.cosmosdb",
      "mode": "managed",
      "type": "azurerm_cosmosdb_account",
      "name": "cosmosdb",
      "provider": "provider[\"registry.terraform.io/hashicorp/azurerm\"]",
      "instances": [
        {
          "schema_version": 1,
          "attributes": {
            "access_key_metadata_writes_enabled": true,
            "analytical_storage": [
              {
                "schema_type": "FullFidelity"
              }
            ],
            "analytical_storage_enabled": false,
            "automatic_failover_enabled": true,
            "backup": [
              {
                "interval_in_minutes": 240,
                "retention_in_hours": 8,
                "storage_redundancy": "Geo",
                "tier": "",
                "type": "Periodic"
              }
            ],
            "burst_capacity_enabled": false,
            "capabilities": [
              {
                "name": "EnableMongo"
              },
              {
                "name": "mongoEnableDocLevelTTL"
              }
            ],
            "capacity": [],
            "consistency_policy": [
              {
                "consistency_level": "Session",
                "max_interval_in_seconds": 5,
                "max_staleness_prefix": 100
              }
            ],
            "cors_rule": [],
            "create_mode": "",
            "default_identity_type": "FirstPartyIdentity",
            "endpoint": "https://airbnb-clone-cosmos.documents.azure.com:443/",
            "free_tier_enabled": false,
            "geo_location": [
              {
                "failover_priority": 0,
                "id": "airbnb-clone-cosmos-norwayeast",
                "location": "norwayeast",
                "zone_redundant": false
              }
            ],
            "id": "/subscriptions/983a0886-08fb-4fdd-bd82-06673c61d6cd/resourceGroups/airbnb-clone-rg/providers/Microsoft.DocumentDB/databaseAccounts/airbnb-clone-cosmos",
            "identity": [],
            "ip_range_filter": [],
            "is_virtual_network_filter_enabled": false,
            "key_vault_key_id": null,
            "kind": "MongoDB",
            "local_authentication_disabled": false,
            "location": "norwayeast",
            "managed_hsm_key_id": null,
            "minimal_tls_version": "Tls12",
            "mongo_server_version": "3.6",
            "multiple_write_locations_enabled": false,
            "name": "airbnb-clone-cosmos",
            "network_acl_bypass_for_azure_services": false,
            "network_acl_bypass_ids": [],
            "offer_type": "Standard",
            "partition_merge_enabled": false,
            "primary_key": "fJAM2JgeQZqsdTS63XzMdiz4rCzwUyjPml0Er6hI7E6mqZBHsxYbHxLAm0xw5XEeXSGpETPXYkWRACDbrOe0Hg==",
            "primary_mongodb_connection_string": "mongodb://airbnb-clone-cosmos:fJAM2JgeQZqsdTS63XzMdiz4rCzwUyjPml0Er6hI7E6mqZBHsxYbHxLAm0xw5XEeXSGpETPXYkWRACDbrOe0Hg==@airbnb-clone-cosmos.mongo.cosmos.azure.com:10255/?ssl=true\u0026replicaSet=globaldb\u0026retrywrites=false\u0026maxIdleTimeMS=120000\u0026appName=@airbnb-clone-cosmos@",
            "primary_readonly_key": "ReS7SsD90f0E2OzofSR3BKTeoW6X0Sutkx7xybm7qtYhYcAYTL5Xz1Bnxtxn9WFt3EfvI3s9HjAuACDbNNBo2w==",
            "primary_readonly_mongodb_connection_string": "mongodb://airbnb-clone-cosmos:ReS7SsD90f0E2OzofSR3BKTeoW6X0Sutkx7xybm7qtYhYcAYTL5Xz1Bnxtxn9WFt3EfvI3s9HjAuACDbNNBo2w==@airbnb-clone-cosmos.mongo.cosmos.azure.com:10255/?ssl=true\u0026replicaSet=globaldb\u0026retrywrites=false\u0026maxIdleTimeMS=120000\u0026appName=@airbnb-clone-cosmos@",
            "primary_readonly_sql_connection_string": null,
            "primary_sql_connection_string": null,
            "public_network_access_enabled": true,
            "read_endpoints": [
              "https://airbnb-clone-cosmos-norwayeast.documents.azure.com:443/"
            ],
            "resource_group_name": "airbnb-clone-rg",
            "restore": [],
            "secondary_key": "DXNMtS1o2RoS2Dn1BkD9r1IbvaxQg7o9WAJdVkJqnQaxAqMpL7HzFZo0vOkL9hxEBnb9WFkQtgJWACDbne8Wkg==",
            "secondary_mongodb_connection_string": "mongodb://airbnb-clone-cosmos:DXNMtS1o2RoS2Dn1BkD9r1IbvaxQg7o9WAJdVkJqnQaxAqMpL7HzFZo0vOkL9hxEBnb9WFkQtgJWACDbne8Wkg==@airbnb-clone-cosmos.mongo.cosmos.azure.com:10255/?ssl=true\u0026replicaSet=globaldb\u0026retrywrites=false\u0026maxIdleTimeMS=120000\u0026appName=@airbnb-clone-cosmos@",
            "secondary_readonly_key": "ASnnFYpCVdstU4XDgzTTD4AA9HZiA4z3g6ZKF4kIfAkNARXpf19cafUXrgy62n05tSFciDu1trfKACDbxtYa3w==",
            "secondary_readonly_mongodb_connection_string": "mongodb://airbnb-clone-cosmos:ASnnFYpCVdstU4XDgzTTD4AA9HZiA4z3g6ZKF4kIfAkNARXpf19cafUXrgy62n05tSFciDu1trfKACDbxtYa3w==@airbnb-clone-cosmos.mongo.cosmos.azure.com:10255/?ssl=true\u0026replicaSet=globaldb\u0026retrywrites=false\u0026maxIdleTimeMS=120000\u0026appName=@airbnb-clone-cosmos@",
            "secondary_readonly_sql_connection_string": null,
            "secondary_sql_connection_string": null,
            "tags": {
              "ManagedBy": "Terraform"
            },
            "timeouts": null,
            "virtual_network_rule": [],
            "write_endpoints": [
              "https://airbnb-clone-cosmos-norwayeast.documents.azure.com:443/"
            ]
          },
          "sensitive_attributes": [],
          "private": "eyJlMmJmYjczMC1lY2FhLTExZTYtOGY4OC0zNDM2M2JjN2M0YzAiOnsiY3JlYXRlIjoxMDgwMDAwMDAwMDAwMCwiZGVsZXRlIjoxMDgwMDAwMDAwMDAwMCwicmVhZCI6MzAwMDAwMDAwMDAwLCJ1cGRhdGUiOjEwODAwMDAwMDAwMDAwfSwic2NoZW1hX3ZlcnNpb24iOiIxIn0=",
          "dependencies": [
            "azurerm_resource_group.main"
          ]
        }
      ]
    },
    {
      "module": "module.cosmosdb",
      "mode": "managed",
      "type": "azurerm_cosmosdb_mongo_database",
      "name": "mongodb",
      "provider": "provider[\"registry.terraform.io/hashicorp/azurerm\"]",
      "instances": [
        {
          "schema_version": 1,
          "attributes": {
            "account_name": "airbnb-clone-cosmos",
            "autoscale_settings": [],
            "id": "/subscriptions/983a0886-08fb-4fdd-bd82-06673c61d6cd/resourceGroups/airbnb-clone-rg/providers/Microsoft.DocumentDB/databaseAccounts/airbnb-clone-cosmos/mongodbDatabases/airbnb-clone-cosmos-db",
            "name": "airbnb-clone-cosmos-db",
            "resource_group_name": "airbnb-clone-rg",
            "throughput": 400,
            "timeouts": null
          },
          "sensitive_attributes": [],
          "private": "eyJlMmJmYjczMC1lY2FhLTExZTYtOGY4OC0zNDM2M2JjN2M0YzAiOnsiY3JlYXRlIjoxODAwMDAwMDAwMDAwLCJkZWxldGUiOjE4MDAwMDAwMDAwMDAsInJlYWQiOjMwMDAwMDAwMDAwMCwidXBkYXRlIjoxODAwMDAwMDAwMDAwfSwic2NoZW1hX3ZlcnNpb24iOiIxIn0=",
          "dependencies": [
            "azurerm_resource_group.main",
            "module.cosmosdb.azurerm_cosmosdb_account.cosmosdb"
          ]
        }
      ]
    },
    {
      "module": "module.networking",
      "mode": "managed",
      "type": "azurerm_subnet",
      "name": "subnets",
      "provider": "provider[\"registry.terraform.io/hashicorp/azurerm\"]",
      "instances": [
        {
          "index_key": "aks",
          "schema_version": 0,
          "attributes": {
            "address_prefixes": [
              "10.0.1.0/24"
            ],
            "default_outbound_access_enabled": true,
            "delegation": [],
            "id": "/subscriptions/983a0886-08fb-4fdd-bd82-06673c61d6cd/resourceGroups/airbnb-clone-rg/providers/Microsoft.Network/virtualNetworks/airbnb-clone-vnet/subnets/aks-subnet",
            "ip_address_pool": [],
            "name": "aks-subnet",
            "private_endpoint_network_policies": "Disabled",
            "private_link_service_network_policies_enabled": true,
            "resource_group_name": "airbnb-clone-rg",
            "service_endpoint_policy_ids": [],
            "service_endpoints": [],
            "sharing_scope": "",
            "timeouts": null,
            "virtual_network_name": "airbnb-clone-vnet"
          },
          "sensitive_attributes": [],
          "private": "eyJlMmJmYjczMC1lY2FhLTExZTYtOGY4OC0zNDM2M2JjN2M0YzAiOnsiY3JlYXRlIjoxODAwMDAwMDAwMDAwLCJkZWxldGUiOjE4MDAwMDAwMDAwMDAsInJlYWQiOjMwMDAwMDAwMDAwMCwidXBkYXRlIjoxODAwMDAwMDAwMDAwfX0=",
          "dependencies": [
            "azurerm_resource_group.main",
            "module.networking.azurerm_virtual_network.vnet"
          ]
        }
      ]
    },
    {
      "module": "module.networking",
      "mode": "managed",
      "type": "azurerm_virtual_network",
      "name": "vnet",
      "provider": "provider[\"registry.terraform.io/hashicorp/azurerm\"]",
      "instances": [
        {
          "schema_version": 0,
          "attributes": {
            "address_space": [
              "10.0.0.0/16"
            ],
            "bgp_community": "",
            "ddos_protection_plan": [],
            "dns_servers": [],
            "edge_zone": "",
            "encryption": [],
            "flow_timeout_in_minutes": 0,
            "guid": "ee28ebca-1e81-4c7a-99b5-90cf04f2b6c1",
            "id": "/subscriptions/983a0886-08fb-4fdd-bd82-06673c61d6cd/resourceGroups/airbnb-clone-rg/providers/Microsoft.Network/virtualNetworks/airbnb-clone-vnet",
            "ip_address_pool": [],
            "location": "norwayeast",
            "name": "airbnb-clone-vnet",
            "private_endpoint_vnet_policies": "Disabled",
            "resource_group_name": "airbnb-clone-rg",
            "subnet": [
              {
                "address_prefixes": [
                  "10.0.1.0/24"
                ],
                "default_outbound_access_enabled": true,
                "delegation": [],
                "id": "/subscriptions/983a0886-08fb-4fdd-bd82-06673c61d6cd/resourceGroups/airbnb-clone-rg/providers/Microsoft.Network/virtualNetworks/airbnb-clone-vnet/subnets/aks-subnet",
                "name": "aks-subnet",
                "private_endpoint_network_policies": "Disabled",
                "private_link_service_network_policies_enabled": true,
                "route_table_id": "",
                "security_group": "/subscriptions/983a0886-08fb-4fdd-bd82-06673c61d6cd/resourceGroups/airbnb-clone-rg/providers/Microsoft.Network/networkSecurityGroups/airbnb-clone-nsg",
                "service_endpoint_policy_ids": [],
                "service_endpoints": []
              }
            ],
            "tags": {
              "ManagedBy": "Terraform"
            },
            "timeouts": null
          },
          "sensitive_attributes": [],
          "private": "eyJlMmJmYjczMC1lY2FhLTExZTYtOGY4OC0zNDM2M2JjN2M0YzAiOnsiY3JlYXRlIjoxODAwMDAwMDAwMDAwLCJkZWxldGUiOjE4MDAwMDAwMDAwMDAsInJlYWQiOjMwMDAwMDAwMDAwMCwidXBkYXRlIjoxODAwMDAwMDAwMDAwfX0=",
          "dependencies": [
            "azurerm_resource_group.main"
          ]
        }
      ]
    },
    {
      "module": "module.nsg",
      "mode": "managed",
      "type": "azurerm_network_security_group",
      "name": "nsg",
      "provider": "provider[\"registry.terraform.io/hashicorp/azurerm\"]",
      "instances": [
        {
          "schema_version": 0,
          "attributes": {
            "id": "/subscriptions/983a0886-08fb-4fdd-bd82-06673c61d6cd/resourceGroups/airbnb-clone-rg/providers/Microsoft.Network/networkSecurityGroups/airbnb-clone-nsg",
            "location": "norwayeast",
            "name": "airbnb-clone-nsg",
            "resource_group_name": "airbnb-clone-rg",
            "security_rule": [
              {
                "access": "Allow",
                "description": null,
                "destination_address_prefix": "*",
                "destination_address_prefixes": [],
                "destination_application_security_group_ids": [],
                "destination_port_range": "10250",
                "destination_port_ranges": [],
                "direction": "Inbound",
                "name": "AllowKubelet",
                "priority": 102,
                "protocol": "Tcp",
                "source_address_prefix": "*",
                "source_address_prefixes": [],
                "source_application_security_group_ids": [],
                "source_port_range": "*",
                "source_port_ranges": []
              },
              {
                "access": "Allow",
                "description": null,
                "destination_address_prefix": "*",
                "destination_address_prefixes": [],
                "destination_application_security_group_ids": [],
                "destination_port_range": "443",
                "destination_port_ranges": [],
                "direction": "Inbound",
                "name": "AllowHTTPS",
                "priority": 101,
                "protocol": "Tcp",
                "source_address_prefix": "*",
                "source_address_prefixes": [],
                "source_application_security_group_ids": [],
                "source_port_range": "*",
                "source_port_ranges": []
              },
              {
                "access": "Allow",
                "description": null,
                "destination_address_prefix": "*",
                "destination_address_prefixes": [],
                "destination_application_security_group_ids": [],
                "destination_port_range": "80",
                "destination_port_ranges": [],
                "direction": "Inbound",
                "name": "AllowHTTP",
                "priority": 100,
                "protocol": "Tcp",
                "source_address_prefix": "*",
                "source_address_prefixes": [],
                "source_application_security_group_ids": [],
                "source_port_range": "*",
                "source_port_ranges": []
              }
            ],
            "tags": {
              "ManagedBy": "Terraform"
            },
            "timeouts": null
          },
          "sensitive_attributes": [],
          "private": "eyJlMmJmYjczMC1lY2FhLTExZTYtOGY4OC0zNDM2M2JjN2M0YzAiOnsiY3JlYXRlIjoxODAwMDAwMDAwMDAwLCJkZWxldGUiOjE4MDAwMDAwMDAwMDAsInJlYWQiOjMwMDAwMDAwMDAwMCwidXBkYXRlIjoxODAwMDAwMDAwMDAwfX0=",
          "dependencies": [
            "azurerm_resource_group.main"
          ]
        }
      ]
    },
    {
      "module": "module.nsg",
      "mode": "managed",
      "type": "azurerm_subnet_network_security_group_association",
      "name": "subnet_nsg",
      "provider": "provider[\"registry.terraform.io/hashicorp/azurerm\"]",
      "instances": [
        {
          "schema_version": 0,
          "attributes": {
            "id": "/subscriptions/983a0886-08fb-4fdd-bd82-06673c61d6cd/resourceGroups/airbnb-clone-rg/providers/Microsoft.Network/virtualNetworks/airbnb-clone-vnet/subnets/aks-subnet",
            "network_security_group_id": "/subscriptions/983a0886-08fb-4fdd-bd82-06673c61d6cd/resourceGroups/airbnb-clone-rg/providers/Microsoft.Network/networkSecurityGroups/airbnb-clone-nsg",
            "subnet_id": "/subscriptions/983a0886-08fb-4fdd-bd82-06673c61d6cd/resourceGroups/airbnb-clone-rg/providers/Microsoft.Network/virtualNetworks/airbnb-clone-vnet/subnets/aks-subnet",
            "timeouts": null
          },
          "sensitive_attributes": [],
          "private": "eyJlMmJmYjczMC1lY2FhLTExZTYtOGY4OC0zNDM2M2JjN2M0YzAiOnsiY3JlYXRlIjoxODAwMDAwMDAwMDAwLCJkZWxldGUiOjE4MDAwMDAwMDAwMDAsInJlYWQiOjMwMDAwMDAwMDAwMH19",
          "dependencies": [
            "azurerm_resource_group.main",
            "module.networking.azurerm_subnet.subnets",
            "module.networking.azurerm_virtual_network.vnet",
            "module.nsg.azurerm_network_security_group.nsg"
          ]
        }
      ]
    }
  ],
  "check_results": null
}
